{
	"name": "canvas",
	"lockfileVersion": 3,
	"requires": true,
	"packages": {
		"": {
			"name": "canvas",
			"dependencies": {
				"pnpm": "^10.28.0"
			},
			"devDependencies": {
				"@biomejs/biome": "^2.3.11",
				"husky": "^9.1.7",
				"prettier": "^3.7.4",
				"turbo": "^2.7.3",
				"typescript": "5.9.2"
			},
			"engines": {
				"node": ">=18"
			}
		},
		"node_modules/@biomejs/biome": {
			"version": "2.3.11",
			"resolved": "https://registry.npmjs.org/@biomejs/biome/-/biome-2.3.11.tgz",
			"integrity": "sha512-/zt+6qazBWguPG6+eWmiELqO+9jRsMZ/DBU3lfuU2ngtIQYzymocHhKiZRyrbra4aCOoyTg/BmY+6WH5mv9xmQ==",
			"dev": true,
			"license": "MIT OR Apache-2.0",
			"bin": {
				"biome": "bin/biome"
			},
			"engines": {
				"node": ">=14.21.3"
			},
			"funding": {
				"type": "opencollective",
				"url": "https://opencollective.com/biome"
			},
			"optionalDependencies": {
				"@biomejs/cli-darwin-arm64": "2.3.11",
				"@biomejs/cli-darwin-x64": "2.3.11",
				"@biomejs/cli-linux-arm64": "2.3.11",
				"@biomejs/cli-linux-arm64-musl": "2.3.11",
				"@biomejs/cli-linux-x64": "2.3.11",
				"@biomejs/cli-linux-x64-musl": "2.3.11",
				"@biomejs/cli-win32-arm64": "2.3.11",
				"@biomejs/cli-win32-x64": "2.3.11"
			}
		},
		"node_modules/@biomejs/cli-darwin-arm64": {
			"version": "2.3.11",
			"resolved": "https://registry.npmjs.org/@biomejs/cli-darwin-arm64/-/cli-darwin-arm64-2.3.11.tgz",
			"integrity": "sha512-/uXXkBcPKVQY7rc9Ys2CrlirBJYbpESEDme7RKiBD6MmqR2w3j0+ZZXRIL2xiaNPsIMMNhP1YnA+jRRxoOAFrA==",
			"cpu": [
				"arm64"
			],
			"dev": true,
			"license": "MIT OR Apache-2.0",
			"optional": true,
			"os": [
				"darwin"
			],
			"engines": {
				"node": ">=14.21.3"
			}
		},
		"node_modules/@biomejs/cli-darwin-x64": {
			"version": "2.3.11",
			"resolved": "https://registry.npmjs.org/@biomejs/cli-darwin-x64/-/cli-darwin-x64-2.3.11.tgz",
			"integrity": "sha512-fh7nnvbweDPm2xEmFjfmq7zSUiox88plgdHF9OIW4i99WnXrAC3o2P3ag9judoUMv8FCSUnlwJCM1B64nO5Fbg==",
			"cpu": [
				"x64"
			],
			"dev": true,
			"license": "MIT OR Apache-2.0",
			"optional": true,
			"os": [
				"darwin"
			],
			"engines": {
				"node": ">=14.21.3"
			}
		},
		"node_modules/@biomejs/cli-linux-arm64": {
			"version": "2.3.11",
			"resolved": "https://registry.npmjs.org/@biomejs/cli-linux-arm64/-/cli-linux-arm64-2.3.11.tgz",
			"integrity": "sha512-l4xkGa9E7Uc0/05qU2lMYfN1H+fzzkHgaJoy98wO+b/7Gl78srbCRRgwYSW+BTLixTBrM6Ede5NSBwt7rd/i6g==",
			"cpu": [
				"arm64"
			],
			"dev": true,
			"license": "MIT OR Apache-2.0",
			"optional": true,
			"os": [
				"linux"
			],
			"engines": {
				"node": ">=14.21.3"
			}
		},
		"node_modules/@biomejs/cli-linux-arm64-musl": {
			"version": "2.3.11",
			"resolved": "https://registry.npmjs.org/@biomejs/cli-linux-arm64-musl/-/cli-linux-arm64-musl-2.3.11.tgz",
			"integrity": "sha512-XPSQ+XIPZMLaZ6zveQdwNjbX+QdROEd1zPgMwD47zvHV+tCGB88VH+aynyGxAHdzL+Tm/+DtKST5SECs4iwCLg==",
			"cpu": [
				"arm64"
			],
			"dev": true,
			"license": "MIT OR Apache-2.0",
			"optional": true,
			"os": [
				"linux"
			],
			"engines": {
				"node": ">=14.21.3"
			}
		},
		"node_modules/@biomejs/cli-linux-x64": {
			"version": "2.3.11",
			"resolved": "https://registry.npmjs.org/@biomejs/cli-linux-x64/-/cli-linux-x64-2.3.11.tgz",
			"integrity": "sha512-/1s9V/H3cSe0r0Mv/Z8JryF5x9ywRxywomqZVLHAoa/uN0eY7F8gEngWKNS5vbbN/BsfpCG5yeBT5ENh50Frxg==",
			"cpu": [
				"x64"
			],
			"dev": true,
			"license": "MIT OR Apache-2.0",
			"optional": true,
			"os": [
				"linux"
			],
			"engines": {
				"node": ">=14.21.3"
			}
		},
		"node_modules/@biomejs/cli-linux-x64-musl": {
			"version": "2.3.11",
			"resolved": "https://registry.npmjs.org/@biomejs/cli-linux-x64-musl/-/cli-linux-x64-musl-2.3.11.tgz",
			"integrity": "sha512-vU7a8wLs5C9yJ4CB8a44r12aXYb8yYgBn+WeyzbMjaCMklzCv1oXr8x+VEyWodgJt9bDmhiaW/I0RHbn7rsNmw==",
			"cpu": [
				"x64"
			],
			"dev": true,
			"license": "MIT OR Apache-2.0",
			"optional": true,
			"os": [
				"linux"
			],
			"engines": {
				"node": ">=14.21.3"
			}
		},
		"node_modules/@biomejs/cli-win32-arm64": {
			"version": "2.3.11",
			"resolved": "https://registry.npmjs.org/@biomejs/cli-win32-arm64/-/cli-win32-arm64-2.3.11.tgz",
			"integrity": "sha512-PZQ6ElCOnkYapSsysiTy0+fYX+agXPlWugh6+eQ6uPKI3vKAqNp6TnMhoM3oY2NltSB89hz59o8xIfOdyhi9Iw==",
			"cpu": [
				"arm64"
			],
			"dev": true,
			"license": "MIT OR Apache-2.0",
			"optional": true,
			"os": [
				"win32"
			],
			"engines": {
				"node": ">=14.21.3"
			}
		},
		"node_modules/@biomejs/cli-win32-x64": {
			"version": "2.3.11",
			"resolved": "https://registry.npmjs.org/@biomejs/cli-win32-x64/-/cli-win32-x64-2.3.11.tgz",
			"integrity": "sha512-43VrG813EW+b5+YbDbz31uUsheX+qFKCpXeY9kfdAx+ww3naKxeVkTD9zLIWxUPfJquANMHrmW3wbe/037G0Qg==",
			"cpu": [
				"x64"
			],
			"dev": true,
			"license": "MIT OR Apache-2.0",
			"optional": true,
			"os": [
				"win32"
			],
			"engines": {
				"node": ">=14.21.3"
			}
		},
		"node_modules/husky": {
			"version": "9.1.7",
			"resolved": "https://registry.npmjs.org/husky/-/husky-9.1.7.tgz",
			"integrity": "sha512-5gs5ytaNjBrh5Ow3zrvdUUY+0VxIuWVL4i9irt6friV+BqdCfmV11CQTWMiBYWHbXhco+J1kHfTOUkePhCDvMA==",
			"dev": true,
			"license": "MIT",
			"bin": {
				"husky": "bin.js"
			},
			"engines": {
				"node": ">=18"
			},
			"funding": {
				"url": "https://github.com/sponsors/typicode"
			}
		},
		"node_modules/pnpm": {
			"version": "10.28.0",
			"resolved": "https://registry.npmjs.org/pnpm/-/pnpm-10.28.0.tgz",
			"integrity": "sha512-Bd9x0UIfITmeBT/eVnzqNNRG+gLHZXFEG/wceVbpjjYwiJgtlARl/TRIDU2QoGaLwSNi+KqIAApk6D0LDke+SA==",
			"license": "MIT",
			"bin": {
				"pnpm": "bin/pnpm.cjs",
				"pnpx": "bin/pnpx.cjs"
			},
			"engines": {
				"node": ">=18.12"
			},
			"funding": {
				"url": "https://opencollective.com/pnpm"
			}
		},
		"node_modules/prettier": {
			"version": "3.7.4",
			"resolved": "https://registry.npmjs.org/prettier/-/prettier-3.7.4.tgz",
			"integrity": "sha512-v6UNi1+3hSlVvv8fSaoUbggEM5VErKmmpGA7Pl3HF8V6uKY7rvClBOJlH6yNwQtfTueNkGVpOv/mtWL9L4bgRA==",
			"dev": true,
			"license": "MIT",
			"bin": {
				"prettier": "bin/prettier.cjs"
			},
			"engines": {
				"node": ">=14"
			},
			"funding": {
				"url": "https://github.com/prettier/prettier?sponsor=1"
			}
		},
		"node_modules/turbo": {
			"version": "2.7.4",
			"resolved": "https://registry.npmjs.org/turbo/-/turbo-2.7.4.tgz",
			"integrity": "sha512-bkO4AddmDishzJB2ze7aYYPaejMoJVfS0XnaR6RCdXFOY8JGJfQE+l9fKiV7uDPa5Ut44gmOWJL3894CIMeH9g==",
			"dev": true,
			"license": "MIT",
			"bin": {
				"turbo": "bin/turbo"
			},
			"optionalDependencies": {
				"turbo-darwin-64": "2.7.4",
				"turbo-darwin-arm64": "2.7.4",
				"turbo-linux-64": "2.7.4",
				"turbo-linux-arm64": "2.7.4",
				"turbo-windows-64": "2.7.4",
				"turbo-windows-arm64": "2.7.4"
			}
		},
		"node_modules/turbo-darwin-64": {
			"version": "2.7.4",
			"resolved": "https://registry.npmjs.org/turbo-darwin-64/-/turbo-darwin-64-2.7.4.tgz",
			"integrity": "sha512-xDR30ltfkSsRfGzABBckvl1nz1cZ3ssTujvdj+TPwOweeDRvZ0e06t5DS0rmRBvyKpgGs42K/EK6Mn2qLlFY9A==",
			"cpu": [
				"x64"
			],
			"dev": true,
			"license": "MIT",
			"optional": true,
			"os": [
				"darwin"
			]
		},
		"node_modules/turbo-darwin-arm64": {
			"version": "2.7.4",
			"resolved": "https://registry.npmjs.org/turbo-darwin-arm64/-/turbo-darwin-arm64-2.7.4.tgz",
			"integrity": "sha512-P7sjqXtOL/+nYWPvcDGWhi8wf8M8mZHHB8XEzw2VX7VJrS8IGHyJHGD1AYfDvhAEcr7pnk3gGifz3/xyhI655w==",
			"cpu": [
				"arm64"
			],
			"dev": true,
			"license": "MIT",
			"optional": true,
			"os": [
				"darwin"
			]
		},
		"node_modules/turbo-linux-64": {
			"version": "2.7.4",
			"resolved": "https://registry.npmjs.org/turbo-linux-64/-/turbo-linux-64-2.7.4.tgz",
			"integrity": "sha512-GofFOxRO/IhG8BcPyMSSB3Y2+oKQotsaYbHxL9yD6JPb20/o35eo+zUSyazOtilAwDHnak5dorAJFoFU8MIg2A==",
			"cpu": [
				"x64"
			],
			"dev": true,
			"license": "MIT",
			"optional": true,
			"os": [
				"linux"
			]
		},
		"node_modules/turbo-linux-arm64": {
			"version": "2.7.4",
			"resolved": "https://registry.npmjs.org/turbo-linux-arm64/-/turbo-linux-arm64-2.7.4.tgz",
			"integrity": "sha512-+RQKgNjksVPxYAyAgmDV7w/1qj++qca+nSNTAOKGOfJiDtSvRKoci89oftJ6anGs00uamLKVEQ712TI/tfNAIw==",
			"cpu": [
				"arm64"
			],
			"dev": true,
			"license": "MIT",
			"optional": true,
			"os": [
				"linux"
			]
		},
		"node_modules/turbo-windows-64": {
			"version": "2.7.4",
			"resolved": "https://registry.npmjs.org/turbo-windows-64/-/turbo-windows-64-2.7.4.tgz",
			"integrity": "sha512-rfak1+g+ON3czs1mDYsCS4X74ZmK6gOgRQTXjDICtzvR4o61paqtgAYtNPofcVsMWeF4wvCajSeoAkkeAnQ1kg==",
			"cpu": [
				"x64"
			],
			"dev": true,
			"license": "MIT",
			"optional": true,
			"os": [
				"win32"
			]
		},
		"node_modules/turbo-windows-arm64": {
			"version": "2.7.4",
			"resolved": "https://registry.npmjs.org/turbo-windows-arm64/-/turbo-windows-arm64-2.7.4.tgz",
			"integrity": "sha512-1ZgBNjNRbDu/fPeqXuX9i26x3CJ/Y1gcwUpQ+Vp7kN9Un6RZ9kzs164f/knrjcu5E+szCRexVjRSJay1k5jApA==",
			"cpu": [
				"arm64"
			],
			"dev": true,
			"license": "MIT",
			"optional": true,
			"os": [
				"win32"
			]
		},
		"node_modules/typescript": {
			"version": "5.9.2",
			"resolved": "https://registry.npmjs.org/typescript/-/typescript-5.9.2.tgz",
			"integrity": "sha512-CWBzXQrc/qOkhidw1OzBTQuYRbfyxDXJMVJ1XNwUHGROVmuaeiEm3OslpZ1RV96d7SKKjZKrSJu3+t/xlw3R9A==",
			"dev": true,
			"license": "Apache-2.0",
			"bin": {
				"tsc": "bin/tsc",
				"tsserver": "bin/tsserver"
			},
			"engines": {
				"node": ">=14.17"
			}
		}
	}
}
